
Microsoft Visual Studio Solution File, Format Version 12.00
# Visual Studio 15
VisualStudioVersion = 15.0.28307.329
MinimumVisualStudioVersion = 10.0.40219.1
Project("{888888A0-9F3D-457C-B088-3A5042F75D52}") = "Tools", "Tools.pyproj", "{69BC1D6E-55B8-49B3-807B-E2D688440369}"
EndProject
Global
	GlobalSection(SolutionConfigurationPlatforms) = preSolution
		Debug|Any CPU = Debug|Any CPU
		Release|Any CPU = Release|Any CPU
	EndGlobalSection
	GlobalSection(ProjectConfigurationPlatforms) = postSolution
		{69BC1D6E-55B8-49B3-807B-E2D688440369}.Debug|Any CPU.ActiveCfg = Debug|Any CPU
		{69BC1D6E-55B8-49B3-807B-E2D688440369}.Release|Any CPU.ActiveCfg = Release|Any CPU
	EndGlobalSection
	GlobalSection(SolutionProperties) = preSolution
		HideSolutionNode = FALSE
	EndGlobalSection
	GlobalSection(ExtensibilityGlobals) = postSolution
		SolutionGuid = {25AA2C16-08F3-437D-BDF0-7552A26FC06E}
	EndGlobalSection
EndGlobal
